
Microsoft Visual Studio Solution File, Format Version 12.00
# Visual Studio 15
VisualStudioVersion = 15.0.27130.2024
MinimumVisualStudioVersion = 10.0.40219.1
Project("{FAE04EC0-301F-11D3-BF4B-00C04F79EFBC}") = "MakeBestBalance_LoL", "MakeBestBalance_LoL.csproj", "{1FFCB158-CC65-4102-A73E-834181057618}"
EndProject
Global
	GlobalSection(SolutionConfigurationPlatforms) = preSolution
		Debug|x86 = Debug|x86
		Release|x86 = Release|x86
	EndGlobalSection
	GlobalSection(ProjectConfigurationPlatforms) = postSolution
		{1FFCB158-CC65-4102-A73E-834181057618}.Debug|x86.ActiveCfg = Debug|Any CPU
		{1FFCB158-CC65-4102-A73E-834181057618}.Debug|x86.Build.0 = Debug|Any CPU
		{1FFCB158-CC65-4102-A73E-834181057618}.Release|x86.ActiveCfg = Release|Any CPU
		{1FFCB158-CC65-4102-A73E-834181057618}.Release|x86.Build.0 = Release|Any CPU
	EndGlobalSection
	GlobalSection(SolutionProperties) = preSolution
		HideSolutionNode = FALSE
	EndGlobalSection
	GlobalSection(ExtensibilityGlobals) = postSolution
		SolutionGuid = {9DD86F15-424C-459A-8A51-911163AC3CD1}
	EndGlobalSection
EndGlobal
